
Microsoft Visual Studio Solution File, Format Version 12.00
# Visual Studio 15
VisualStudioVersion = 15.0.28010.2003
MinimumVisualStudioVersion = 10.0.40219.1
Project("{FAE04EC0-301F-11D3-BF4B-00C04F79EFBC}") = "PetShopApp.UI", "PetShopApp.UI\PetShopApp.UI.csproj", "{98837C5B-E650-4904-BCE1-1F3140D29CE4}"
EndProject
Project("{FAE04EC0-301F-11D3-BF4B-00C04F79EFBC}") = "PetShopApp.Core", "PetShopApp.Core\PetShopApp.Core.csproj", "{CA957070-B139-4352-A698-88C65DE1D9EA}"
EndProject
Project("{FAE04EC0-301F-11D3-BF4B-00C04F79EFBC}") = "PetShopApp.Core.Entities", "PetShopApp.Core.Entities\PetShopApp.Core.Entities.csproj", "{C0981029-688E-40DA-A3A0-374DFBFEEF29}"
EndProject
Project("{FAE04EC0-301F-11D3-BF4B-00C04F79EFBC}") = "Infrastructure.Data", "Infrastructure.Data\Infrastructure.Data.csproj", "{7CCE09F4-8C07-4521-822B-728AE6B0DC1F}"
EndProject
Global
	GlobalSection(SolutionConfigurationPlatforms) = preSolution
		Debug|Any CPU = Debug|Any CPU
		Release|Any CPU = Release|Any CPU
	EndGlobalSection
	GlobalSection(ProjectConfigurationPlatforms) = postSolution
		{98837C5B-E650-4904-BCE1-1F3140D29CE4}.Debug|Any CPU.ActiveCfg = Debug|Any CPU
		{98837C5B-E650-4904-BCE1-1F3140D29CE4}.Debug|Any CPU.Build.0 = Debug|Any CPU
		{98837C5B-E650-4904-BCE1-1F3140D29CE4}.Release|Any CPU.ActiveCfg = Release|Any CPU
		{98837C5B-E650-4904-BCE1-1F3140D29CE4}.Release|Any CPU.Build.0 = Release|Any CPU
		{CA957070-B139-4352-A698-88C65DE1D9EA}.Debug|Any CPU.ActiveCfg = Debug|Any CPU
		{CA957070-B139-4352-A698-88C65DE1D9EA}.Debug|Any CPU.Build.0 = Debug|Any CPU
		{CA957070-B139-4352-A698-88C65DE1D9EA}.Release|Any CPU.ActiveCfg = Release|Any CPU
		{CA957070-B139-4352-A698-88C65DE1D9EA}.Release|Any CPU.Build.0 = Release|Any CPU
		{C0981029-688E-40DA-A3A0-374DFBFEEF29}.Debug|Any CPU.ActiveCfg = Debug|Any CPU
		{C0981029-688E-40DA-A3A0-374DFBFEEF29}.Debug|Any CPU.Build.0 = Debug|Any CPU
		{C0981029-688E-40DA-A3A0-374DFBFEEF29}.Release|Any CPU.ActiveCfg = Release|Any CPU
		{C0981029-688E-40DA-A3A0-374DFBFEEF29}.Release|Any CPU.Build.0 = Release|Any CPU
		{7CCE09F4-8C07-4521-822B-728AE6B0DC1F}.Debug|Any CPU.ActiveCfg = Debug|Any CPU
		{7CCE09F4-8C07-4521-822B-728AE6B0DC1F}.Debug|Any CPU.Build.0 = Debug|Any CPU
		{7CCE09F4-8C07-4521-822B-728AE6B0DC1F}.Release|Any CPU.ActiveCfg = Release|Any CPU
		{7CCE09F4-8C07-4521-822B-728AE6B0DC1F}.Release|Any CPU.Build.0 = Release|Any CPU
	EndGlobalSection
	GlobalSection(SolutionProperties) = preSolution
		HideSolutionNode = FALSE
	EndGlobalSection
	GlobalSection(ExtensibilityGlobals) = postSolution
		SolutionGuid = {2CDFB497-8668-4746-B4BF-7BC77904FC78}
	EndGlobalSection
EndGlobal
