
Microsoft Visual Studio Solution File, Format Version 12.00
# Visual Studio 15
VisualStudioVersion = 15.0.28010.2003
MinimumVisualStudioVersion = 10.0.40219.1
Project("{9A19103F-16F7-4668-BE54-9A1E7A4F7556}") = "PetShopApp.UI", "PetShopApp.UI\PetShopApp.UI.csproj", "{98837C5B-E650-4904-BCE1-1F3140D29CE4}"
EndProject
Project("{9A19103F-16F7-4668-BE54-9A1E7A4F7556}") = "PetShopApp.Core", "PetShopApp.Core\PetShopApp.Core.csproj", "{CA957070-B139-4352-A698-88C65DE1D9EA}"
EndProject
Project("{9A19103F-16F7-4668-BE54-9A1E7A4F7556}") = "PetShopApp.Core.Entities", "PetShopApp.Core.Entities\PetShopApp.Core.Entities.csproj", "{C0981029-688E-40DA-A3A0-374DFBFEEF29}"
EndProject
Project("{9A19103F-16F7-4668-BE54-9A1E7A4F7556}") = "PetShopApp.RestApi", "PetApi\PetShopApp.RestApi.csproj", "{F7A44FB1-79D8-4DCE-BDCE-5F8538BA58F6}"
EndProject
Project("{2150E333-8FDC-42A3-9474-1A3956D46DE8}") = "UI", "UI", "{62D183B6-BEF1-4FC2-A209-065413CF6D2F}"
EndProject
Project("{2150E333-8FDC-42A3-9474-1A3956D46DE8}") = "Core", "Core", "{A137D613-4DB6-4350-8EC8-1B5987E95C04}"
EndProject
Project("{2150E333-8FDC-42A3-9474-1A3956D46DE8}") = "Infrastructure", "Infrastructure", "{13A10DF7-4371-4958-9882-1AF3C82215F7}"
EndProject
Project("{9A19103F-16F7-4668-BE54-9A1E7A4F7556}") = "Infrastructure.Data.EntityFramework", "Infrastructure.Data.EntityFramework\Infrastructure.Data.EntityFramework.csproj", "{3A9EF441-E101-4577-82A3-BCBECE075A7D}"
EndProject
Global
	GlobalSection(SolutionConfigurationPlatforms) = preSolution
		Debug|Any CPU = Debug|Any CPU
		Release|Any CPU = Release|Any CPU
	EndGlobalSection
	GlobalSection(ProjectConfigurationPlatforms) = postSolution
		{98837C5B-E650-4904-BCE1-1F3140D29CE4}.Debug|Any CPU.ActiveCfg = Debug|Any CPU
		{98837C5B-E650-4904-BCE1-1F3140D29CE4}.Debug|Any CPU.Build.0 = Debug|Any CPU
		{98837C5B-E650-4904-BCE1-1F3140D29CE4}.Release|Any CPU.ActiveCfg = Release|Any CPU
		{98837C5B-E650-4904-BCE1-1F3140D29CE4}.Release|Any CPU.Build.0 = Release|Any CPU
		{CA957070-B139-4352-A698-88C65DE1D9EA}.Debug|Any CPU.ActiveCfg = Debug|Any CPU
		{CA957070-B139-4352-A698-88C65DE1D9EA}.Debug|Any CPU.Build.0 = Debug|Any CPU
		{CA957070-B139-4352-A698-88C65DE1D9EA}.Release|Any CPU.ActiveCfg = Release|Any CPU
		{CA957070-B139-4352-A698-88C65DE1D9EA}.Release|Any CPU.Build.0 = Release|Any CPU
		{C0981029-688E-40DA-A3A0-374DFBFEEF29}.Debug|Any CPU.ActiveCfg = Debug|Any CPU
		{C0981029-688E-40DA-A3A0-374DFBFEEF29}.Debug|Any CPU.Build.0 = Debug|Any CPU
		{C0981029-688E-40DA-A3A0-374DFBFEEF29}.Release|Any CPU.ActiveCfg = Release|Any CPU
		{C0981029-688E-40DA-A3A0-374DFBFEEF29}.Release|Any CPU.Build.0 = Release|Any CPU
		{F7A44FB1-79D8-4DCE-BDCE-5F8538BA58F6}.Debug|Any CPU.ActiveCfg = Debug|Any CPU
		{F7A44FB1-79D8-4DCE-BDCE-5F8538BA58F6}.Debug|Any CPU.Build.0 = Debug|Any CPU
		{F7A44FB1-79D8-4DCE-BDCE-5F8538BA58F6}.Release|Any CPU.ActiveCfg = Release|Any CPU
		{F7A44FB1-79D8-4DCE-BDCE-5F8538BA58F6}.Release|Any CPU.Build.0 = Release|Any CPU
		{3A9EF441-E101-4577-82A3-BCBECE075A7D}.Debug|Any CPU.ActiveCfg = Debug|Any CPU
		{3A9EF441-E101-4577-82A3-BCBECE075A7D}.Debug|Any CPU.Build.0 = Debug|Any CPU
		{3A9EF441-E101-4577-82A3-BCBECE075A7D}.Release|Any CPU.ActiveCfg = Release|Any CPU
		{3A9EF441-E101-4577-82A3-BCBECE075A7D}.Release|Any CPU.Build.0 = Release|Any CPU
	EndGlobalSection
	GlobalSection(SolutionProperties) = preSolution
		HideSolutionNode = FALSE
	EndGlobalSection
	GlobalSection(NestedProjects) = preSolution
		{98837C5B-E650-4904-BCE1-1F3140D29CE4} = {62D183B6-BEF1-4FC2-A209-065413CF6D2F}
		{CA957070-B139-4352-A698-88C65DE1D9EA} = {A137D613-4DB6-4350-8EC8-1B5987E95C04}
		{C0981029-688E-40DA-A3A0-374DFBFEEF29} = {A137D613-4DB6-4350-8EC8-1B5987E95C04}
		{F7A44FB1-79D8-4DCE-BDCE-5F8538BA58F6} = {62D183B6-BEF1-4FC2-A209-065413CF6D2F}
		{3A9EF441-E101-4577-82A3-BCBECE075A7D} = {13A10DF7-4371-4958-9882-1AF3C82215F7}
	EndGlobalSection
	GlobalSection(ExtensibilityGlobals) = postSolution
		SolutionGuid = {2CDFB497-8668-4746-B4BF-7BC77904FC78}
	EndGlobalSection
EndGlobal
